// !$*UTF8*$!
{
	archiveVersion = 1;
	classes = {
	};
	objectVersion = 56;
	objects = {

/* Begin PBXBuildFile section */
		5E0FCA212B7C3C1E0098D443 /* AppDelegate.swift in Sources */ = {isa = PBXBuildFile; fileRef = 5E0FCA202B7C3C1E0098D443 /* AppDelegate.swift */; };
		5E0FCA232B7C3C1E0098D443 /* SceneDelegate.swift in Sources */ = {isa = PBXBuildFile; fileRef = 5E0FCA222B7C3C1E0098D443 /* SceneDelegate.swift */; };
		5E0FCA252B7C3C1E0098D443 /* ViewController.swift in Sources */ = {isa = PBXBuildFile; fileRef = 5E0FCA242B7C3C1E0098D443 /* ViewController.swift */; };
		5E0FCA282B7C3C1E0098D443 /* Main.storyboard in Resources */ = {isa = PBXBuildFile; fileRef = 5E0FCA262B7C3C1E0098D443 /* Main.storyboard */; };
		5E0FCA2A2B7C3C1E0098D443 /* Assets.xcassets in Resources */ = {isa = PBXBuildFile; fileRef = 5E0FCA292B7C3C1E0098D443 /* Assets.xcassets */; };
		5E0FCA2D2B7C3C1E0098D443 /* LaunchScreen.storyboard in Resources */ = {isa = PBXBuildFile; fileRef = 5E0FCA2B2B7C3C1E0098D443 /* LaunchScreen.storyboard */; };
		5E0FCA382B7C3C1F0098D443 /* WDWAlgorithmsTests.swift in Sources */ = {isa = PBXBuildFile; fileRef = 5E0FCA372B7C3C1F0098D443 /* WDWAlgorithmsTests.swift */; };
		5E0FCA422B7C3C1F0098D443 /* WDWAlgorithmsUITests.swift in Sources */ = {isa = PBXBuildFile; fileRef = 5E0FCA412B7C3C1F0098D443 /* WDWAlgorithmsUITests.swift */; };
		5E0FCA442B7C3C1F0098D443 /* WDWAlgorithmsUITestsLaunchTests.swift in Sources */ = {isa = PBXBuildFile; fileRef = 5E0FCA432B7C3C1F0098D443 /* WDWAlgorithmsUITestsLaunchTests.swift */; };
		5E0FCA532B7C3C440098D443 /* ReverseInt.swift in Sources */ = {isa = PBXBuildFile; fileRef = 5E0FCA522B7C3C440098D443 /* ReverseInt.swift */; };
		5E0FCA552B7C3C9C0098D443 /* ReverseIntTests.swift in Sources */ = {isa = PBXBuildFile; fileRef = 5E0FCA542B7C3C9C0098D443 /* ReverseIntTests.swift */; };
		5E0FCA9F2B7D7F670098D443 /* MaxChar.swift in Sources */ = {isa = PBXBuildFile; fileRef = 5E0FCA9E2B7D7F670098D443 /* MaxChar.swift */; };
		5E0FCAA12B7D7F790098D443 /* MaxCharTests.swift in Sources */ = {isa = PBXBuildFile; fileRef = 5E0FCAA02B7D7F790098D443 /* MaxCharTests.swift */; };
		5E0FCAA32B7D8B4B0098D443 /* Chunk.swift in Sources */ = {isa = PBXBuildFile; fileRef = 5E0FCAA22B7D8B4B0098D443 /* Chunk.swift */; };
		5E0FCAA52B7D8B5C0098D443 /* ChunkTests.swift in Sources */ = {isa = PBXBuildFile; fileRef = 5E0FCAA42B7D8B5C0098D443 /* ChunkTests.swift */; };
		5E0FCAAD2B7ED4580098D443 /* Anagrams.swift in Sources */ = {isa = PBXBuildFile; fileRef = 5E0FCAAC2B7ED4580098D443 /* Anagrams.swift */; };
		5E0FCAAF2B7ED46A0098D443 /* AnagramsTest.swift in Sources */ = {isa = PBXBuildFile; fileRef = 5E0FCAAE2B7ED46A0098D443 /* AnagramsTest.swift */; };
		5E0FCAB32B7ED8500098D443 /* CapitalizeTests.swift in Sources */ = {isa = PBXBuildFile; fileRef = 5E0FCAB22B7ED8500098D443 /* CapitalizeTests.swift */; };
		5E0FCAB42B7ED8E40098D443 /* Capitalize.swift in Sources */ = {isa = PBXBuildFile; fileRef = 5E0FCAB02B7ED83C0098D443 /* Capitalize.swift */; };
		5E6B4FC92B86B8E30010E877 /* MergeStrings.swift in Sources */ = {isa = PBXBuildFile; fileRef = 5E6B4FC82B86B8E30010E877 /* MergeStrings.swift */; };
		5E6B4FCB2B86B9180010E877 /* MergeStringsTests.swift in Sources */ = {isa = PBXBuildFile; fileRef = 5E6B4FCA2B86B9180010E877 /* MergeStringsTests.swift */; };
		5E6B4FCD2B86C0140010E877 /* GreastestCommonDivisorOfStrings.swift in Sources */ = {isa = PBXBuildFile; fileRef = 5E6B4FCC2B86C0140010E877 /* GreastestCommonDivisorOfStrings.swift */; };
		5E6B4FCF2B86C02B0010E877 /* GreatestCommonDivisorOfStringsTests.swift in Sources */ = {isa = PBXBuildFile; fileRef = 5E6B4FCE2B86C02B0010E877 /* GreatestCommonDivisorOfStringsTests.swift */; };
		5E827E562B8BEDCB005CE1B6 /* KidsWithGreatestNumberOfCandies.swift in Sources */ = {isa = PBXBuildFile; fileRef = 5E827E552B8BEDCB005CE1B6 /* KidsWithGreatestNumberOfCandies.swift */; };
		5E827E582B8BEDDA005CE1B6 /* KidsWithGreatestNumberOfCandiesTests.swift in Sources */ = {isa = PBXBuildFile; fileRef = 5E827E572B8BEDDA005CE1B6 /* KidsWithGreatestNumberOfCandiesTests.swift */; };
		5E827E5D2B8BF51E005CE1B6 /* CanPlaceFlowers.swift in Sources */ = {isa = PBXBuildFile; fileRef = 5E827E5C2B8BF51E005CE1B6 /* CanPlaceFlowers.swift */; };
		5E827E5F2B8BF535005CE1B6 /* CanPlaceFlowersTests.swift in Sources */ = {isa = PBXBuildFile; fileRef = 5E827E5E2B8BF535005CE1B6 /* CanPlaceFlowersTests.swift */; };
		5E827E612B8BFA85005CE1B6 /* ReverseVowels.swift in Sources */ = {isa = PBXBuildFile; fileRef = 5E827E602B8BFA85005CE1B6 /* ReverseVowels.swift */; };
		5E827E632B8BFA95005CE1B6 /* ReverseVowelsTests.swift in Sources */ = {isa = PBXBuildFile; fileRef = 5E827E622B8BFA95005CE1B6 /* ReverseVowelsTests.swift */; };
		5E827E652B8CECEE005CE1B6 /* ReverseWords.swift in Sources */ = {isa = PBXBuildFile; fileRef = 5E827E642B8CECEE005CE1B6 /* ReverseWords.swift */; };
		5E827E672B8CED05005CE1B6 /* ReverseWordsTests.swift in Sources */ = {isa = PBXBuildFile; fileRef = 5E827E662B8CED05005CE1B6 /* ReverseWordsTests.swift */; };
		5E827E692B8D0186005CE1B6 /* ProductOfArrayExceptSelf.swift in Sources */ = {isa = PBXBuildFile; fileRef = 5E827E682B8D0186005CE1B6 /* ProductOfArrayExceptSelf.swift */; };
		5E827E6B2B8D0197005CE1B6 /* ProductOfArrayExceptSelfTests.swift in Sources */ = {isa = PBXBuildFile; fileRef = 5E827E6A2B8D0197005CE1B6 /* ProductOfArrayExceptSelfTests.swift */; };
		5E827E6D2B8D16CD005CE1B6 /* IncreasingTriplet.swift in Sources */ = {isa = PBXBuildFile; fileRef = 5E827E6C2B8D16CD005CE1B6 /* IncreasingTriplet.swift */; };
		5E827E6F2B8D16E0005CE1B6 /* IncreasingTripletTests.swift in Sources */ = {isa = PBXBuildFile; fileRef = 5E827E6E2B8D16E0005CE1B6 /* IncreasingTripletTests.swift */; };
		5E827E712B8D1ED0005CE1B6 /* StringCompression.swift in Sources */ = {isa = PBXBuildFile; fileRef = 5E827E702B8D1ED0005CE1B6 /* StringCompression.swift */; };
		5E827E732B8D1F00005CE1B6 /* StringCompressionTests.swift in Sources */ = {isa = PBXBuildFile; fileRef = 5E827E722B8D1F00005CE1B6 /* StringCompressionTests.swift */; };
		5E827E772B8E4EDB005CE1B6 /* MoveZeroes.swift in Sources */ = {isa = PBXBuildFile; fileRef = 5E827E762B8E4EDB005CE1B6 /* MoveZeroes.swift */; };
		5E827E792B8E4EEF005CE1B6 /* MoveZerosTests.swift in Sources */ = {isa = PBXBuildFile; fileRef = 5E827E782B8E4EEF005CE1B6 /* MoveZerosTests.swift */; };
		5E827E7D2B8E5DCF005CE1B6 /* MaxAverageSubArray.swift in Sources */ = {isa = PBXBuildFile; fileRef = 5E827E7C2B8E5DCF005CE1B6 /* MaxAverageSubArray.swift */; };
		5E827E7F2B8E5DE8005CE1B6 /* MaxAverageSubArrayTests.swift in Sources */ = {isa = PBXBuildFile; fileRef = 5E827E7E2B8E5DE8005CE1B6 /* MaxAverageSubArrayTests.swift */; };
		5E827E832B8E6650005CE1B6 /* HighestAltitude.swift in Sources */ = {isa = PBXBuildFile; fileRef = 5E827E822B8E6650005CE1B6 /* HighestAltitude.swift */; };
		5E827E852B8E665F005CE1B6 /* HighestAltitudeTests.swift in Sources */ = {isa = PBXBuildFile; fileRef = 5E827E842B8E665F005CE1B6 /* HighestAltitudeTests.swift */; };
		5E827E892B8E69FC005CE1B6 /* DifferenceOfTwoArrays.swift in Sources */ = {isa = PBXBuildFile; fileRef = 5E827E882B8E69FC005CE1B6 /* DifferenceOfTwoArrays.swift */; };
		5E827E8B2B8E6A0D005CE1B6 /* DifferenceOfTwoArraysTests.swift in Sources */ = {isa = PBXBuildFile; fileRef = 5E827E8A2B8E6A0D005CE1B6 /* DifferenceOfTwoArraysTests.swift */; };
		5E827E8F2B8E7087005CE1B6 /* RemoveStars.swift in Sources */ = {isa = PBXBuildFile; fileRef = 5E827E8E2B8E7087005CE1B6 /* RemoveStars.swift */; };
		5E827E912B8E709C005CE1B6 /* RemoveStarsTests.swift in Sources */ = {isa = PBXBuildFile; fileRef = 5E827E902B8E709C005CE1B6 /* RemoveStarsTests.swift */; };
		5E827E952B8E7529005CE1B6 /* NumberOfRecentCalls.swift in Sources */ = {isa = PBXBuildFile; fileRef = 5E827E942B8E7529005CE1B6 /* NumberOfRecentCalls.swift */; };
		5E827E972B8E7538005CE1B6 /* NumberOfRecentCallsTests.swift in Sources */ = {isa = PBXBuildFile; fileRef = 5E827E962B8E7538005CE1B6 /* NumberOfRecentCallsTests.swift */; };
		5E827E9D2B8E7DC3005CE1B6 /* DeleteMiddle.swift in Sources */ = {isa = PBXBuildFile; fileRef = 5E827E9C2B8E7DC3005CE1B6 /* DeleteMiddle.swift */; };
		5E827E9F2B8E7DD1005CE1B6 /* DeleteMiddleTests.swift in Sources */ = {isa = PBXBuildFile; fileRef = 5E827E9E2B8E7DD1005CE1B6 /* DeleteMiddleTests.swift */; };
		5E827EA32B8E8D05005CE1B6 /* MaxDepth.swift in Sources */ = {isa = PBXBuildFile; fileRef = 5E827EA22B8E8D05005CE1B6 /* MaxDepth.swift */; };
		5E827EA52B8E8D14005CE1B6 /* MaxDepthTests.swift in Sources */ = {isa = PBXBuildFile; fileRef = 5E827EA42B8E8D14005CE1B6 /* MaxDepthTests.swift */; };
		5E827EA92B8F9B96005CE1B6 /* MaximumLevelSumOfBinaryTree.swift in Sources */ = {isa = PBXBuildFile; fileRef = 5E827EA82B8F9B96005CE1B6 /* MaximumLevelSumOfBinaryTree.swift */; };
		5E827EAB2B8F9BAA005CE1B6 /* MaximumLevelSumOfBinaryTreeTests.swift in Sources */ = {isa = PBXBuildFile; fileRef = 5E827EAA2B8F9BAA005CE1B6 /* MaximumLevelSumOfBinaryTreeTests.swift */; };
		5E827EAD2B8FEAE3005CE1B6 /* RightSideView.swift in Sources */ = {isa = PBXBuildFile; fileRef = 5E827EAC2B8FEAE3005CE1B6 /* RightSideView.swift */; };
		5E827EAF2B8FEB49005CE1B6 /* RightSideViewTests.swift in Sources */ = {isa = PBXBuildFile; fileRef = 5E827EAE2B8FEB49005CE1B6 /* RightSideViewTests.swift */; };
		5E827EB12B8FF3A8005CE1B6 /* MaxNumberKSumPairs.swift in Sources */ = {isa = PBXBuildFile; fileRef = 5E827EB02B8FF3A8005CE1B6 /* MaxNumberKSumPairs.swift */; };
		5E827EB32B8FF3B9005CE1B6 /* MaxNumberKSumPairsTests.swift in Sources */ = {isa = PBXBuildFile; fileRef = 5E827EB22B8FF3B9005CE1B6 /* MaxNumberKSumPairsTests.swift */; };
		5E827EB52B8FFA13005CE1B6 /* MaxVowelsInSubstringOfLength.swift in Sources */ = {isa = PBXBuildFile; fileRef = 5E827EB42B8FFA13005CE1B6 /* MaxVowelsInSubstringOfLength.swift */; };
		5E827EB72B8FFA1F005CE1B6 /* MaxVowelsInSubstringOfLengthTests.swift in Sources */ = {isa = PBXBuildFile; fileRef = 5E827EB62B8FFA1F005CE1B6 /* MaxVowelsInSubstringOfLengthTests.swift */; };
/* End PBXBuildFile section */

/* Begin PBXContainerItemProxy section */
		5E0FCA342B7C3C1F0098D443 /* PBXContainerItemProxy */ = {
			isa = PBXContainerItemProxy;
			containerPortal = 5E0FCA152B7C3C1E0098D443 /* Project object */;
			proxyType = 1;
			remoteGlobalIDString = 5E0FCA1C2B7C3C1E0098D443;
			remoteInfo = WDWAlgorithms;
		};
		5E0FCA3E2B7C3C1F0098D443 /* PBXContainerItemProxy */ = {
			isa = PBXContainerItemProxy;
			containerPortal = 5E0FCA152B7C3C1E0098D443 /* Project object */;
			proxyType = 1;
			remoteGlobalIDString = 5E0FCA1C2B7C3C1E0098D443;
			remoteInfo = WDWAlgorithms;
		};
/* End PBXContainerItemProxy section */

/* Begin PBXFileReference section */
		5E0FCA1D2B7C3C1E0098D443 /* WDWAlgorithms.app */ = {isa = PBXFileReference; explicitFileType = wrapper.application; includeInIndex = 0; path = WDWAlgorithms.app; sourceTree = BUILT_PRODUCTS_DIR; };
		5E0FCA202B7C3C1E0098D443 /* AppDelegate.swift */ = {isa = PBXFileReference; lastKnownFileType = sourcecode.swift; path = AppDelegate.swift; sourceTree = "<group>"; };
		5E0FCA222B7C3C1E0098D443 /* SceneDelegate.swift */ = {isa = PBXFileReference; lastKnownFileType = sourcecode.swift; path = SceneDelegate.swift; sourceTree = "<group>"; };
		5E0FCA242B7C3C1E0098D443 /* ViewController.swift */ = {isa = PBXFileReference; lastKnownFileType = sourcecode.swift; path = ViewController.swift; sourceTree = "<group>"; };
		5E0FCA272B7C3C1E0098D443 /* Base */ = {isa = PBXFileReference; lastKnownFileType = file.storyboard; name = Base; path = Base.lproj/Main.storyboard; sourceTree = "<group>"; };
		5E0FCA292B7C3C1E0098D443 /* Assets.xcassets */ = {isa = PBXFileReference; lastKnownFileType = folder.assetcatalog; path = Assets.xcassets; sourceTree = "<group>"; };
		5E0FCA2C2B7C3C1E0098D443 /* Base */ = {isa = PBXFileReference; lastKnownFileType = file.storyboard; name = Base; path = Base.lproj/LaunchScreen.storyboard; sourceTree = "<group>"; };
		5E0FCA2E2B7C3C1E0098D443 /* Info.plist */ = {isa = PBXFileReference; lastKnownFileType = text.plist.xml; path = Info.plist; sourceTree = "<group>"; };
		5E0FCA332B7C3C1F0098D443 /* WDWAlgorithmsTests.xctest */ = {isa = PBXFileReference; explicitFileType = wrapper.cfbundle; includeInIndex = 0; path = WDWAlgorithmsTests.xctest; sourceTree = BUILT_PRODUCTS_DIR; };
		5E0FCA372B7C3C1F0098D443 /* WDWAlgorithmsTests.swift */ = {isa = PBXFileReference; lastKnownFileType = sourcecode.swift; path = WDWAlgorithmsTests.swift; sourceTree = "<group>"; };
		5E0FCA3D2B7C3C1F0098D443 /* WDWAlgorithmsUITests.xctest */ = {isa = PBXFileReference; explicitFileType = wrapper.cfbundle; includeInIndex = 0; path = WDWAlgorithmsUITests.xctest; sourceTree = BUILT_PRODUCTS_DIR; };
		5E0FCA412B7C3C1F0098D443 /* WDWAlgorithmsUITests.swift */ = {isa = PBXFileReference; lastKnownFileType = sourcecode.swift; path = WDWAlgorithmsUITests.swift; sourceTree = "<group>"; };
		5E0FCA432B7C3C1F0098D443 /* WDWAlgorithmsUITestsLaunchTests.swift */ = {isa = PBXFileReference; lastKnownFileType = sourcecode.swift; path = WDWAlgorithmsUITestsLaunchTests.swift; sourceTree = "<group>"; };
		5E0FCA522B7C3C440098D443 /* ReverseInt.swift */ = {isa = PBXFileReference; lastKnownFileType = sourcecode.swift; path = ReverseInt.swift; sourceTree = "<group>"; };
		5E0FCA542B7C3C9C0098D443 /* ReverseIntTests.swift */ = {isa = PBXFileReference; lastKnownFileType = sourcecode.swift; path = ReverseIntTests.swift; sourceTree = "<group>"; };
		5E0FCA9E2B7D7F670098D443 /* MaxChar.swift */ = {isa = PBXFileReference; lastKnownFileType = sourcecode.swift; path = MaxChar.swift; sourceTree = "<group>"; };
		5E0FCAA02B7D7F790098D443 /* MaxCharTests.swift */ = {isa = PBXFileReference; lastKnownFileType = sourcecode.swift; path = MaxCharTests.swift; sourceTree = "<group>"; };
		5E0FCAA22B7D8B4B0098D443 /* Chunk.swift */ = {isa = PBXFileReference; lastKnownFileType = sourcecode.swift; path = Chunk.swift; sourceTree = "<group>"; };
		5E0FCAA42B7D8B5C0098D443 /* ChunkTests.swift */ = {isa = PBXFileReference; lastKnownFileType = sourcecode.swift; path = ChunkTests.swift; sourceTree = "<group>"; };
		5E0FCAAC2B7ED4580098D443 /* Anagrams.swift */ = {isa = PBXFileReference; lastKnownFileType = sourcecode.swift; path = Anagrams.swift; sourceTree = "<group>"; };
		5E0FCAAE2B7ED46A0098D443 /* AnagramsTest.swift */ = {isa = PBXFileReference; lastKnownFileType = sourcecode.swift; path = AnagramsTest.swift; sourceTree = "<group>"; };
		5E0FCAB02B7ED83C0098D443 /* Capitalize.swift */ = {isa = PBXFileReference; lastKnownFileType = sourcecode.swift; path = Capitalize.swift; sourceTree = "<group>"; };
		5E0FCAB22B7ED8500098D443 /* CapitalizeTests.swift */ = {isa = PBXFileReference; lastKnownFileType = sourcecode.swift; path = CapitalizeTests.swift; sourceTree = "<group>"; };
		5E6B4FC82B86B8E30010E877 /* MergeStrings.swift */ = {isa = PBXFileReference; lastKnownFileType = sourcecode.swift; path = MergeStrings.swift; sourceTree = "<group>"; };
		5E6B4FCA2B86B9180010E877 /* MergeStringsTests.swift */ = {isa = PBXFileReference; lastKnownFileType = sourcecode.swift; path = MergeStringsTests.swift; sourceTree = "<group>"; };
		5E6B4FCC2B86C0140010E877 /* GreastestCommonDivisorOfStrings.swift */ = {isa = PBXFileReference; lastKnownFileType = sourcecode.swift; path = GreastestCommonDivisorOfStrings.swift; sourceTree = "<group>"; };
		5E6B4FCE2B86C02B0010E877 /* GreatestCommonDivisorOfStringsTests.swift */ = {isa = PBXFileReference; lastKnownFileType = sourcecode.swift; path = GreatestCommonDivisorOfStringsTests.swift; sourceTree = "<group>"; };
		5E827E552B8BEDCB005CE1B6 /* KidsWithGreatestNumberOfCandies.swift */ = {isa = PBXFileReference; lastKnownFileType = sourcecode.swift; path = KidsWithGreatestNumberOfCandies.swift; sourceTree = "<group>"; };
		5E827E572B8BEDDA005CE1B6 /* KidsWithGreatestNumberOfCandiesTests.swift */ = {isa = PBXFileReference; lastKnownFileType = sourcecode.swift; path = KidsWithGreatestNumberOfCandiesTests.swift; sourceTree = "<group>"; };
		5E827E592B8BF0AA005CE1B6 /* WDWAlgorithms.xctestplan */ = {isa = PBXFileReference; lastKnownFileType = text; path = WDWAlgorithms.xctestplan; sourceTree = "<group>"; };
		5E827E5C2B8BF51E005CE1B6 /* CanPlaceFlowers.swift */ = {isa = PBXFileReference; lastKnownFileType = sourcecode.swift; path = CanPlaceFlowers.swift; sourceTree = "<group>"; };
		5E827E5E2B8BF535005CE1B6 /* CanPlaceFlowersTests.swift */ = {isa = PBXFileReference; lastKnownFileType = sourcecode.swift; path = CanPlaceFlowersTests.swift; sourceTree = "<group>"; };
		5E827E602B8BFA85005CE1B6 /* ReverseVowels.swift */ = {isa = PBXFileReference; lastKnownFileType = sourcecode.swift; path = ReverseVowels.swift; sourceTree = "<group>"; };
		5E827E622B8BFA95005CE1B6 /* ReverseVowelsTests.swift */ = {isa = PBXFileReference; lastKnownFileType = sourcecode.swift; path = ReverseVowelsTests.swift; sourceTree = "<group>"; };
		5E827E642B8CECEE005CE1B6 /* ReverseWords.swift */ = {isa = PBXFileReference; lastKnownFileType = sourcecode.swift; path = ReverseWords.swift; sourceTree = "<group>"; };
		5E827E662B8CED05005CE1B6 /* ReverseWordsTests.swift */ = {isa = PBXFileReference; lastKnownFileType = sourcecode.swift; path = ReverseWordsTests.swift; sourceTree = "<group>"; };
		5E827E682B8D0186005CE1B6 /* ProductOfArrayExceptSelf.swift */ = {isa = PBXFileReference; lastKnownFileType = sourcecode.swift; path = ProductOfArrayExceptSelf.swift; sourceTree = "<group>"; };
		5E827E6A2B8D0197005CE1B6 /* ProductOfArrayExceptSelfTests.swift */ = {isa = PBXFileReference; lastKnownFileType = sourcecode.swift; path = ProductOfArrayExceptSelfTests.swift; sourceTree = "<group>"; };
		5E827E6C2B8D16CD005CE1B6 /* IncreasingTriplet.swift */ = {isa = PBXFileReference; lastKnownFileType = sourcecode.swift; path = IncreasingTriplet.swift; sourceTree = "<group>"; };
		5E827E6E2B8D16E0005CE1B6 /* IncreasingTripletTests.swift */ = {isa = PBXFileReference; lastKnownFileType = sourcecode.swift; path = IncreasingTripletTests.swift; sourceTree = "<group>"; };
		5E827E702B8D1ED0005CE1B6 /* StringCompression.swift */ = {isa = PBXFileReference; lastKnownFileType = sourcecode.swift; path = StringCompression.swift; sourceTree = "<group>"; };
		5E827E722B8D1F00005CE1B6 /* StringCompressionTests.swift */ = {isa = PBXFileReference; lastKnownFileType = sourcecode.swift; path = StringCompressionTests.swift; sourceTree = "<group>"; };
		5E827E762B8E4EDB005CE1B6 /* MoveZeroes.swift */ = {isa = PBXFileReference; lastKnownFileType = sourcecode.swift; path = MoveZeroes.swift; sourceTree = "<group>"; };
		5E827E782B8E4EEF005CE1B6 /* MoveZerosTests.swift */ = {isa = PBXFileReference; lastKnownFileType = sourcecode.swift; path = MoveZerosTests.swift; sourceTree = "<group>"; };
		5E827E7C2B8E5DCF005CE1B6 /* MaxAverageSubArray.swift */ = {isa = PBXFileReference; lastKnownFileType = sourcecode.swift; path = MaxAverageSubArray.swift; sourceTree = "<group>"; };
		5E827E7E2B8E5DE8005CE1B6 /* MaxAverageSubArrayTests.swift */ = {isa = PBXFileReference; lastKnownFileType = sourcecode.swift; path = MaxAverageSubArrayTests.swift; sourceTree = "<group>"; };
		5E827E822B8E6650005CE1B6 /* HighestAltitude.swift */ = {isa = PBXFileReference; lastKnownFileType = sourcecode.swift; path = HighestAltitude.swift; sourceTree = "<group>"; };
		5E827E842B8E665F005CE1B6 /* HighestAltitudeTests.swift */ = {isa = PBXFileReference; lastKnownFileType = sourcecode.swift; path = HighestAltitudeTests.swift; sourceTree = "<group>"; };
		5E827E882B8E69FC005CE1B6 /* DifferenceOfTwoArrays.swift */ = {isa = PBXFileReference; lastKnownFileType = sourcecode.swift; path = DifferenceOfTwoArrays.swift; sourceTree = "<group>"; };
		5E827E8A2B8E6A0D005CE1B6 /* DifferenceOfTwoArraysTests.swift */ = {isa = PBXFileReference; lastKnownFileType = sourcecode.swift; path = DifferenceOfTwoArraysTests.swift; sourceTree = "<group>"; };
		5E827E8E2B8E7087005CE1B6 /* RemoveStars.swift */ = {isa = PBXFileReference; lastKnownFileType = sourcecode.swift; path = RemoveStars.swift; sourceTree = "<group>"; };
		5E827E902B8E709C005CE1B6 /* RemoveStarsTests.swift */ = {isa = PBXFileReference; lastKnownFileType = sourcecode.swift; path = RemoveStarsTests.swift; sourceTree = "<group>"; };
		5E827E942B8E7529005CE1B6 /* NumberOfRecentCalls.swift */ = {isa = PBXFileReference; lastKnownFileType = sourcecode.swift; path = NumberOfRecentCalls.swift; sourceTree = "<group>"; };
		5E827E962B8E7538005CE1B6 /* NumberOfRecentCallsTests.swift */ = {isa = PBXFileReference; lastKnownFileType = sourcecode.swift; path = NumberOfRecentCallsTests.swift; sourceTree = "<group>"; };
		5E827E9C2B8E7DC3005CE1B6 /* DeleteMiddle.swift */ = {isa = PBXFileReference; lastKnownFileType = sourcecode.swift; path = DeleteMiddle.swift; sourceTree = "<group>"; };
		5E827E9E2B8E7DD1005CE1B6 /* DeleteMiddleTests.swift */ = {isa = PBXFileReference; lastKnownFileType = sourcecode.swift; path = DeleteMiddleTests.swift; sourceTree = "<group>"; };
		5E827EA22B8E8D05005CE1B6 /* MaxDepth.swift */ = {isa = PBXFileReference; lastKnownFileType = sourcecode.swift; path = MaxDepth.swift; sourceTree = "<group>"; };
		5E827EA42B8E8D14005CE1B6 /* MaxDepthTests.swift */ = {isa = PBXFileReference; lastKnownFileType = sourcecode.swift; path = MaxDepthTests.swift; sourceTree = "<group>"; };
		5E827EA82B8F9B96005CE1B6 /* MaximumLevelSumOfBinaryTree.swift */ = {isa = PBXFileReference; lastKnownFileType = sourcecode.swift; path = MaximumLevelSumOfBinaryTree.swift; sourceTree = "<group>"; };
		5E827EAA2B8F9BAA005CE1B6 /* MaximumLevelSumOfBinaryTreeTests.swift */ = {isa = PBXFileReference; lastKnownFileType = sourcecode.swift; path = MaximumLevelSumOfBinaryTreeTests.swift; sourceTree = "<group>"; };
		5E827EAC2B8FEAE3005CE1B6 /* RightSideView.swift */ = {isa = PBXFileReference; lastKnownFileType = sourcecode.swift; path = RightSideView.swift; sourceTree = "<group>"; };
		5E827EAE2B8FEB49005CE1B6 /* RightSideViewTests.swift */ = {isa = PBXFileReference; lastKnownFileType = sourcecode.swift; path = RightSideViewTests.swift; sourceTree = "<group>"; };
		5E827EB02B8FF3A8005CE1B6 /* MaxNumberKSumPairs.swift */ = {isa = PBXFileReference; lastKnownFileType = sourcecode.swift; path = MaxNumberKSumPairs.swift; sourceTree = "<group>"; };
		5E827EB22B8FF3B9005CE1B6 /* MaxNumberKSumPairsTests.swift */ = {isa = PBXFileReference; lastKnownFileType = sourcecode.swift; path = MaxNumberKSumPairsTests.swift; sourceTree = "<group>"; };
		5E827EB42B8FFA13005CE1B6 /* MaxVowelsInSubstringOfLength.swift */ = {isa = PBXFileReference; lastKnownFileType = sourcecode.swift; path = MaxVowelsInSubstringOfLength.swift; sourceTree = "<group>"; };
		5E827EB62B8FFA1F005CE1B6 /* MaxVowelsInSubstringOfLengthTests.swift */ = {isa = PBXFileReference; lastKnownFileType = sourcecode.swift; path = MaxVowelsInSubstringOfLengthTests.swift; sourceTree = "<group>"; };
/* End PBXFileReference section */

/* Begin PBXFrameworksBuildPhase section */
		5E0FCA1A2B7C3C1E0098D443 /* Frameworks */ = {
			isa = PBXFrameworksBuildPhase;
			buildActionMask = 2147483647;
			files = (
			);
			runOnlyForDeploymentPostprocessing = 0;
		};
		5E0FCA302B7C3C1F0098D443 /* Frameworks */ = {
			isa = PBXFrameworksBuildPhase;
			buildActionMask = 2147483647;
			files = (
			);
			runOnlyForDeploymentPostprocessing = 0;
		};
		5E0FCA3A2B7C3C1F0098D443 /* Frameworks */ = {
			isa = PBXFrameworksBuildPhase;
			buildActionMask = 2147483647;
			files = (
			);
			runOnlyForDeploymentPostprocessing = 0;
		};
/* End PBXFrameworksBuildPhase section */

/* Begin PBXGroup section */
		5E0FCA142B7C3C1E0098D443 = {
			isa = PBXGroup;
			children = (
				5E827E592B8BF0AA005CE1B6 /* WDWAlgorithms.xctestplan */,
				5E0FCA1F2B7C3C1E0098D443 /* WDWAlgorithms */,
				5E0FCA362B7C3C1F0098D443 /* WDWAlgorithmsTests */,
				5E0FCA402B7C3C1F0098D443 /* WDWAlgorithmsUITests */,
				5E0FCA1E2B7C3C1E0098D443 /* Products */,
			);
			sourceTree = "<group>";
		};
		5E0FCA1E2B7C3C1E0098D443 /* Products */ = {
			isa = PBXGroup;
			children = (
				5E0FCA1D2B7C3C1E0098D443 /* WDWAlgorithms.app */,
				5E0FCA332B7C3C1F0098D443 /* WDWAlgorithmsTests.xctest */,
				5E0FCA3D2B7C3C1F0098D443 /* WDWAlgorithmsUITests.xctest */,
			);
			name = Products;
			sourceTree = "<group>";
		};
		5E0FCA1F2B7C3C1E0098D443 /* WDWAlgorithms */ = {
			isa = PBXGroup;
			children = (
				5E0FCA502B7C3C290098D443 /* Algorithms */,
				5E0FCA202B7C3C1E0098D443 /* AppDelegate.swift */,
				5E0FCA222B7C3C1E0098D443 /* SceneDelegate.swift */,
				5E0FCA242B7C3C1E0098D443 /* ViewController.swift */,
				5E0FCA262B7C3C1E0098D443 /* Main.storyboard */,
				5E0FCA292B7C3C1E0098D443 /* Assets.xcassets */,
				5E0FCA2B2B7C3C1E0098D443 /* LaunchScreen.storyboard */,
				5E0FCA2E2B7C3C1E0098D443 /* Info.plist */,
			);
			path = WDWAlgorithms;
			sourceTree = "<group>";
		};
		5E0FCA362B7C3C1F0098D443 /* WDWAlgorithmsTests */ = {
			isa = PBXGroup;
			children = (
				5E0FCA512B7C3C310098D443 /* Algorithms */,
				5E0FCA372B7C3C1F0098D443 /* WDWAlgorithmsTests.swift */,
			);
			path = WDWAlgorithmsTests;
			sourceTree = "<group>";
		};
		5E0FCA402B7C3C1F0098D443 /* WDWAlgorithmsUITests */ = {
			isa = PBXGroup;
			children = (
				5E0FCA412B7C3C1F0098D443 /* WDWAlgorithmsUITests.swift */,
				5E0FCA432B7C3C1F0098D443 /* WDWAlgorithmsUITestsLaunchTests.swift */,
			);
			path = WDWAlgorithmsUITests;
			sourceTree = "<group>";
		};
		5E0FCA502B7C3C290098D443 /* Algorithms */ = {
			isa = PBXGroup;
			children = (
				5E827EA62B8F9B74005CE1B6 /* Binary Tree BFS */,
				5E827EA02B8E8CB0005CE1B6 /* Binary Tree DFS */,
				5E827E992B8E7D67005CE1B6 /* LinkedList */,
				5E827E922B8E750F005CE1B6 /* Queue */,
				5E827E8C2B8E7046005CE1B6 /* Stack */,
				5E827E862B8E69AF005CE1B6 /* Hash Map */,
				5E827E802B8E6633005CE1B6 /* Prefix Sum */,
				5E827E7A2B8E5DB2005CE1B6 /* Sliding Window */,
				5E827E742B8E4E78005CE1B6 /* Two Pointers */,
				5E827E5A2B8BF416005CE1B6 /* Arrays */,
			);
			path = Algorithms;
			sourceTree = "<group>";
		};
		5E0FCA512B7C3C310098D443 /* Algorithms */ = {
			isa = PBXGroup;
			children = (
				5E827EA72B8F9B7C005CE1B6 /* Binary Tree BFS */,
				5E827EA12B8E8CBA005CE1B6 /* Binary Tree DFS */,
				5E827E982B8E7D61005CE1B6 /* Linked List */,
				5E827E932B8E7514005CE1B6 /* Queue */,
				5E827E8D2B8E7058005CE1B6 /* Stack */,
				5E827E872B8E69B9005CE1B6 /* Hash Map */,
				5E827E812B8E663B005CE1B6 /* Prefix Sum */,
				5E827E7B2B8E5DB9005CE1B6 /* Sliding Window */,
				5E827E752B8E4E88005CE1B6 /* Two Pointers */,
				5E827E5B2B8BF427005CE1B6 /* Arrays */,
			);
			path = Algorithms;
			sourceTree = "<group>";
		};
		5E827E5A2B8BF416005CE1B6 /* Arrays */ = {
			isa = PBXGroup;
			children = (
				5E6B4FCC2B86C0140010E877 /* GreastestCommonDivisorOfStrings.swift */,
				5E0FCA522B7C3C440098D443 /* ReverseInt.swift */,
				5E0FCA9E2B7D7F670098D443 /* MaxChar.swift */,
				5E0FCAA22B7D8B4B0098D443 /* Chunk.swift */,
				5E0FCAAC2B7ED4580098D443 /* Anagrams.swift */,
				5E0FCAB02B7ED83C0098D443 /* Capitalize.swift */,
				5E6B4FC82B86B8E30010E877 /* MergeStrings.swift */,
				5E827E552B8BEDCB005CE1B6 /* KidsWithGreatestNumberOfCandies.swift */,
				5E827E5C2B8BF51E005CE1B6 /* CanPlaceFlowers.swift */,
				5E827E602B8BFA85005CE1B6 /* ReverseVowels.swift */,
				5E827E642B8CECEE005CE1B6 /* ReverseWords.swift */,
				5E827E682B8D0186005CE1B6 /* ProductOfArrayExceptSelf.swift */,
				5E827E6C2B8D16CD005CE1B6 /* IncreasingTriplet.swift */,
				5E827E702B8D1ED0005CE1B6 /* StringCompression.swift */,
			);
			path = Arrays;
			sourceTree = "<group>";
		};
		5E827E5B2B8BF427005CE1B6 /* Arrays */ = {
			isa = PBXGroup;
			children = (
				5E0FCA542B7C3C9C0098D443 /* ReverseIntTests.swift */,
				5E0FCAA02B7D7F790098D443 /* MaxCharTests.swift */,
				5E0FCAA42B7D8B5C0098D443 /* ChunkTests.swift */,
				5E0FCAAE2B7ED46A0098D443 /* AnagramsTest.swift */,
				5E0FCAB22B7ED8500098D443 /* CapitalizeTests.swift */,
				5E6B4FCA2B86B9180010E877 /* MergeStringsTests.swift */,
				5E6B4FCE2B86C02B0010E877 /* GreatestCommonDivisorOfStringsTests.swift */,
				5E827E572B8BEDDA005CE1B6 /* KidsWithGreatestNumberOfCandiesTests.swift */,
				5E827E5E2B8BF535005CE1B6 /* CanPlaceFlowersTests.swift */,
				5E827E622B8BFA95005CE1B6 /* ReverseVowelsTests.swift */,
				5E827E662B8CED05005CE1B6 /* ReverseWordsTests.swift */,
				5E827E6A2B8D0197005CE1B6 /* ProductOfArrayExceptSelfTests.swift */,
				5E827E6E2B8D16E0005CE1B6 /* IncreasingTripletTests.swift */,
				5E827E722B8D1F00005CE1B6 /* StringCompressionTests.swift */,
			);
			path = Arrays;
			sourceTree = "<group>";
		};
		5E827E742B8E4E78005CE1B6 /* Two Pointers */ = {
			isa = PBXGroup;
			children = (
				5E827E762B8E4EDB005CE1B6 /* MoveZeroes.swift */,
				5E827EB02B8FF3A8005CE1B6 /* MaxNumberKSumPairs.swift */,
			);
			path = "Two Pointers";
			sourceTree = "<group>";
		};
		5E827E752B8E4E88005CE1B6 /* Two Pointers */ = {
			isa = PBXGroup;
			children = (
				5E827E782B8E4EEF005CE1B6 /* MoveZerosTests.swift */,
				5E827EB22B8FF3B9005CE1B6 /* MaxNumberKSumPairsTests.swift */,
			);
			path = "Two Pointers";
			sourceTree = "<group>";
		};
		5E827E7A2B8E5DB2005CE1B6 /* Sliding Window */ = {
			isa = PBXGroup;
			children = (
				5E827E7C2B8E5DCF005CE1B6 /* MaxAverageSubArray.swift */,
				5E827EB42B8FFA13005CE1B6 /* MaxVowelsInSubstringOfLength.swift */,
			);
			path = "Sliding Window";
			sourceTree = "<group>";
		};
		5E827E7B2B8E5DB9005CE1B6 /* Sliding Window */ = {
			isa = PBXGroup;
			children = (
				5E827E7E2B8E5DE8005CE1B6 /* MaxAverageSubArrayTests.swift */,
				5E827EB62B8FFA1F005CE1B6 /* MaxVowelsInSubstringOfLengthTests.swift */,
			);
			path = "Sliding Window";
			sourceTree = "<group>";
		};
		5E827E802B8E6633005CE1B6 /* Prefix Sum */ = {
			isa = PBXGroup;
			children = (
				5E827E822B8E6650005CE1B6 /* HighestAltitude.swift */,
			);
			path = "Prefix Sum";
			sourceTree = "<group>";
		};
		5E827E812B8E663B005CE1B6 /* Prefix Sum */ = {
			isa = PBXGroup;
			children = (
				5E827E842B8E665F005CE1B6 /* HighestAltitudeTests.swift */,
			);
			path = "Prefix Sum";
			sourceTree = "<group>";
		};
		5E827E862B8E69AF005CE1B6 /* Hash Map */ = {
			isa = PBXGroup;
			children = (
				5E827E882B8E69FC005CE1B6 /* DifferenceOfTwoArrays.swift */,
			);
			path = "Hash Map";
			sourceTree = "<group>";
		};
		5E827E872B8E69B9005CE1B6 /* Hash Map */ = {
			isa = PBXGroup;
			children = (
				5E827E8A2B8E6A0D005CE1B6 /* DifferenceOfTwoArraysTests.swift */,
			);
			path = "Hash Map";
			sourceTree = "<group>";
		};
		5E827E8C2B8E7046005CE1B6 /* Stack */ = {
			isa = PBXGroup;
			children = (
				5E827E8E2B8E7087005CE1B6 /* RemoveStars.swift */,
			);
			path = Stack;
			sourceTree = "<group>";
		};
		5E827E8D2B8E7058005CE1B6 /* Stack */ = {
			isa = PBXGroup;
			children = (
				5E827E902B8E709C005CE1B6 /* RemoveStarsTests.swift */,
			);
			path = Stack;
			sourceTree = "<group>";
		};
		5E827E922B8E750F005CE1B6 /* Queue */ = {
			isa = PBXGroup;
			children = (
				5E827E942B8E7529005CE1B6 /* NumberOfRecentCalls.swift */,
			);
			path = Queue;
			sourceTree = "<group>";
		};
		5E827E932B8E7514005CE1B6 /* Queue */ = {
			isa = PBXGroup;
			children = (
				5E827E962B8E7538005CE1B6 /* NumberOfRecentCallsTests.swift */,
			);
			path = Queue;
			sourceTree = "<group>";
		};
		5E827E982B8E7D61005CE1B6 /* Linked List */ = {
			isa = PBXGroup;
			children = (
				5E827E9E2B8E7DD1005CE1B6 /* DeleteMiddleTests.swift */,
			);
			path = "Linked List";
			sourceTree = "<group>";
		};
		5E827E992B8E7D67005CE1B6 /* LinkedList */ = {
			isa = PBXGroup;
			children = (
				5E827E9C2B8E7DC3005CE1B6 /* DeleteMiddle.swift */,
			);
			path = LinkedList;
			sourceTree = "<group>";
		};
		5E827EA02B8E8CB0005CE1B6 /* Binary Tree DFS */ = {
			isa = PBXGroup;
			children = (
				5E827EA22B8E8D05005CE1B6 /* MaxDepth.swift */,
			);
			path = "Binary Tree DFS";
			sourceTree = "<group>";
		};
		5E827EA12B8E8CBA005CE1B6 /* Binary Tree DFS */ = {
			isa = PBXGroup;
			children = (
				5E827EA42B8E8D14005CE1B6 /* MaxDepthTests.swift */,
			);
			path = "Binary Tree DFS";
			sourceTree = "<group>";
		};
		5E827EA62B8F9B74005CE1B6 /* Binary Tree BFS */ = {
			isa = PBXGroup;
			children = (
				5E827EA82B8F9B96005CE1B6 /* MaximumLevelSumOfBinaryTree.swift */,
				5E827EAC2B8FEAE3005CE1B6 /* RightSideView.swift */,
			);
			path = "Binary Tree BFS";
			sourceTree = "<group>";
		};
		5E827EA72B8F9B7C005CE1B6 /* Binary Tree BFS */ = {
			isa = PBXGroup;
			children = (
				5E827EAA2B8F9BAA005CE1B6 /* MaximumLevelSumOfBinaryTreeTests.swift */,
				5E827EAE2B8FEB49005CE1B6 /* RightSideViewTests.swift */,
			);
			path = "Binary Tree BFS";
			sourceTree = "<group>";
		};
/* End PBXGroup section */

/* Begin PBXNativeTarget section */
		5E0FCA1C2B7C3C1E0098D443 /* WDWAlgorithms */ = {
			isa = PBXNativeTarget;
			buildConfigurationList = 5E0FCA472B7C3C1F0098D443 /* Build configuration list for PBXNativeTarget "WDWAlgorithms" */;
			buildPhases = (
				5E0FCA192B7C3C1E0098D443 /* Sources */,
				5E0FCA1A2B7C3C1E0098D443 /* Frameworks */,
				5E0FCA1B2B7C3C1E0098D443 /* Resources */,
			);
			buildRules = (
			);
			dependencies = (
			);
			name = WDWAlgorithms;
			productName = WDWAlgorithms;
			productReference = 5E0FCA1D2B7C3C1E0098D443 /* WDWAlgorithms.app */;
			productType = "com.apple.product-type.application";
		};
		5E0FCA322B7C3C1F0098D443 /* WDWAlgorithmsTests */ = {
			isa = PBXNativeTarget;
			buildConfigurationList = 5E0FCA4A2B7C3C1F0098D443 /* Build configuration list for PBXNativeTarget "WDWAlgorithmsTests" */;
			buildPhases = (
				5E0FCA2F2B7C3C1F0098D443 /* Sources */,
				5E0FCA302B7C3C1F0098D443 /* Frameworks */,
				5E0FCA312B7C3C1F0098D443 /* Resources */,
			);
			buildRules = (
			);
			dependencies = (
				5E0FCA352B7C3C1F0098D443 /* PBXTargetDependency */,
			);
			name = WDWAlgorithmsTests;
			productName = WDWAlgorithmsTests;
			productReference = 5E0FCA332B7C3C1F0098D443 /* WDWAlgorithmsTests.xctest */;
			productType = "com.apple.product-type.bundle.unit-test";
		};
		5E0FCA3C2B7C3C1F0098D443 /* WDWAlgorithmsUITests */ = {
			isa = PBXNativeTarget;
			buildConfigurationList = 5E0FCA4D2B7C3C1F0098D443 /* Build configuration list for PBXNativeTarget "WDWAlgorithmsUITests" */;
			buildPhases = (
				5E0FCA392B7C3C1F0098D443 /* Sources */,
				5E0FCA3A2B7C3C1F0098D443 /* Frameworks */,
				5E0FCA3B2B7C3C1F0098D443 /* Resources */,
			);
			buildRules = (
			);
			dependencies = (
				5E0FCA3F2B7C3C1F0098D443 /* PBXTargetDependency */,
			);
			name = WDWAlgorithmsUITests;
			productName = WDWAlgorithmsUITests;
			productReference = 5E0FCA3D2B7C3C1F0098D443 /* WDWAlgorithmsUITests.xctest */;
			productType = "com.apple.product-type.bundle.ui-testing";
		};
/* End PBXNativeTarget section */

/* Begin PBXProject section */
		5E0FCA152B7C3C1E0098D443 /* Project object */ = {
			isa = PBXProject;
			attributes = {
				BuildIndependentTargetsInParallel = 1;
				LastSwiftUpdateCheck = 1500;
				LastUpgradeCheck = 1500;
				TargetAttributes = {
					5E0FCA1C2B7C3C1E0098D443 = {
						CreatedOnToolsVersion = 15.0;
					};
					5E0FCA322B7C3C1F0098D443 = {
						CreatedOnToolsVersion = 15.0;
						TestTargetID = 5E0FCA1C2B7C3C1E0098D443;
					};
					5E0FCA3C2B7C3C1F0098D443 = {
						CreatedOnToolsVersion = 15.0;
						TestTargetID = 5E0FCA1C2B7C3C1E0098D443;
					};
				};
			};
			buildConfigurationList = 5E0FCA182B7C3C1E0098D443 /* Build configuration list for PBXProject "WDWAlgorithms" */;
			compatibilityVersion = "Xcode 14.0";
			developmentRegion = en;
			hasScannedForEncodings = 0;
			knownRegions = (
				en,
				Base,
			);
			mainGroup = 5E0FCA142B7C3C1E0098D443;
			productRefGroup = 5E0FCA1E2B7C3C1E0098D443 /* Products */;
			projectDirPath = "";
			projectRoot = "";
			targets = (
				5E0FCA1C2B7C3C1E0098D443 /* WDWAlgorithms */,
				5E0FCA322B7C3C1F0098D443 /* WDWAlgorithmsTests */,
				5E0FCA3C2B7C3C1F0098D443 /* WDWAlgorithmsUITests */,
			);
		};
/* End PBXProject section */

/* Begin PBXResourcesBuildPhase section */
		5E0FCA1B2B7C3C1E0098D443 /* Resources */ = {
			isa = PBXResourcesBuildPhase;
			buildActionMask = 2147483647;
			files = (
				5E0FCA2D2B7C3C1E0098D443 /* LaunchScreen.storyboard in Resources */,
				5E0FCA2A2B7C3C1E0098D443 /* Assets.xcassets in Resources */,
				5E0FCA282B7C3C1E0098D443 /* Main.storyboard in Resources */,
			);
			runOnlyForDeploymentPostprocessing = 0;
		};
		5E0FCA312B7C3C1F0098D443 /* Resources */ = {
			isa = PBXResourcesBuildPhase;
			buildActionMask = 2147483647;
			files = (
			);
			runOnlyForDeploymentPostprocessing = 0;
		};
		5E0FCA3B2B7C3C1F0098D443 /* Resources */ = {
			isa = PBXResourcesBuildPhase;
			buildActionMask = 2147483647;
			files = (
			);
			runOnlyForDeploymentPostprocessing = 0;
		};
/* End PBXResourcesBuildPhase section */

/* Begin PBXSourcesBuildPhase section */
		5E0FCA192B7C3C1E0098D443 /* Sources */ = {
			isa = PBXSourcesBuildPhase;
			buildActionMask = 2147483647;
			files = (
				5E0FCA9F2B7D7F670098D443 /* MaxChar.swift in Sources */,
				5E827E562B8BEDCB005CE1B6 /* KidsWithGreatestNumberOfCandies.swift in Sources */,
				5E0FCAB42B7ED8E40098D443 /* Capitalize.swift in Sources */,
				5E827E8F2B8E7087005CE1B6 /* RemoveStars.swift in Sources */,
				5E827E952B8E7529005CE1B6 /* NumberOfRecentCalls.swift in Sources */,
				5E827E692B8D0186005CE1B6 /* ProductOfArrayExceptSelf.swift in Sources */,
				5E827E832B8E6650005CE1B6 /* HighestAltitude.swift in Sources */,
				5E827E9D2B8E7DC3005CE1B6 /* DeleteMiddle.swift in Sources */,
				5E6B4FC92B86B8E30010E877 /* MergeStrings.swift in Sources */,
				5E0FCA252B7C3C1E0098D443 /* ViewController.swift in Sources */,
				5E827E772B8E4EDB005CE1B6 /* MoveZeroes.swift in Sources */,
				5E827E5D2B8BF51E005CE1B6 /* CanPlaceFlowers.swift in Sources */,
				5E827EA32B8E8D05005CE1B6 /* MaxDepth.swift in Sources */,
				5E827EB12B8FF3A8005CE1B6 /* MaxNumberKSumPairs.swift in Sources */,
				5E0FCA212B7C3C1E0098D443 /* AppDelegate.swift in Sources */,
				5E827E7D2B8E5DCF005CE1B6 /* MaxAverageSubArray.swift in Sources */,
				5E0FCAAD2B7ED4580098D443 /* Anagrams.swift in Sources */,
				5E827E6D2B8D16CD005CE1B6 /* IncreasingTriplet.swift in Sources */,
				5E827E652B8CECEE005CE1B6 /* ReverseWords.swift in Sources */,
				5E827EB52B8FFA13005CE1B6 /* MaxVowelsInSubstringOfLength.swift in Sources */,
				5E0FCA532B7C3C440098D443 /* ReverseInt.swift in Sources */,
				5E0FCA232B7C3C1E0098D443 /* SceneDelegate.swift in Sources */,
				5E6B4FCD2B86C0140010E877 /* GreastestCommonDivisorOfStrings.swift in Sources */,
				5E827E892B8E69FC005CE1B6 /* DifferenceOfTwoArrays.swift in Sources */,
				5E827E712B8D1ED0005CE1B6 /* StringCompression.swift in Sources */,
				5E827EAD2B8FEAE3005CE1B6 /* RightSideView.swift in Sources */,
				5E827EA92B8F9B96005CE1B6 /* MaximumLevelSumOfBinaryTree.swift in Sources */,
				5E0FCAA32B7D8B4B0098D443 /* Chunk.swift in Sources */,
				5E827E612B8BFA85005CE1B6 /* ReverseVowels.swift in Sources */,
			);
			runOnlyForDeploymentPostprocessing = 0;
		};
		5E0FCA2F2B7C3C1F0098D443 /* Sources */ = {
			isa = PBXSourcesBuildPhase;
			buildActionMask = 2147483647;
			files = (
				5E827E8B2B8E6A0D005CE1B6 /* DifferenceOfTwoArraysTests.swift in Sources */,
				5E0FCAAF2B7ED46A0098D443 /* AnagramsTest.swift in Sources */,
				5E0FCA552B7C3C9C0098D443 /* ReverseIntTests.swift in Sources */,
				5E0FCA382B7C3C1F0098D443 /* WDWAlgorithmsTests.swift in Sources */,
				5E827E7F2B8E5DE8005CE1B6 /* MaxAverageSubArrayTests.swift in Sources */,
				5E827E972B8E7538005CE1B6 /* NumberOfRecentCallsTests.swift in Sources */,
				5E827E632B8BFA95005CE1B6 /* ReverseVowelsTests.swift in Sources */,
				5E827E672B8CED05005CE1B6 /* ReverseWordsTests.swift in Sources */,
				5E827E5F2B8BF535005CE1B6 /* CanPlaceFlowersTests.swift in Sources */,
				5E827E6B2B8D0197005CE1B6 /* ProductOfArrayExceptSelfTests.swift in Sources */,
				5E827EB72B8FFA1F005CE1B6 /* MaxVowelsInSubstringOfLengthTests.swift in Sources */,
				5E6B4FCB2B86B9180010E877 /* MergeStringsTests.swift in Sources */,
				5E0FCAA12B7D7F790098D443 /* MaxCharTests.swift in Sources */,
				5E827E732B8D1F00005CE1B6 /* StringCompressionTests.swift in Sources */,
				5E827E6F2B8D16E0005CE1B6 /* IncreasingTripletTests.swift in Sources */,
				5E827EAF2B8FEB49005CE1B6 /* RightSideViewTests.swift in Sources */,
				5E0FCAA52B7D8B5C0098D443 /* ChunkTests.swift in Sources */,
				5E827EA52B8E8D14005CE1B6 /* MaxDepthTests.swift in Sources */,
				5E827E9F2B8E7DD1005CE1B6 /* DeleteMiddleTests.swift in Sources */,
				5E827EAB2B8F9BAA005CE1B6 /* MaximumLevelSumOfBinaryTreeTests.swift in Sources */,
				5E827EB32B8FF3B9005CE1B6 /* MaxNumberKSumPairsTests.swift in Sources */,
				5E827E792B8E4EEF005CE1B6 /* MoveZerosTests.swift in Sources */,
				5E827E912B8E709C005CE1B6 /* RemoveStarsTests.swift in Sources */,
				5E0FCAB32B7ED8500098D443 /* CapitalizeTests.swift in Sources */,
				5E6B4FCF2B86C02B0010E877 /* GreatestCommonDivisorOfStringsTests.swift in Sources */,
				5E827E852B8E665F005CE1B6 /* HighestAltitudeTests.swift in Sources */,
				5E827E582B8BEDDA005CE1B6 /* KidsWithGreatestNumberOfCandiesTests.swift in Sources */,
			);
			runOnlyForDeploymentPostprocessing = 0;
		};
		5E0FCA392B7C3C1F0098D443 /* Sources */ = {
			isa = PBXSourcesBuildPhase;
			buildActionMask = 2147483647;
			files = (
				5E0FCA422B7C3C1F0098D443 /* WDWAlgorithmsUITests.swift in Sources */,
				5E0FCA442B7C3C1F0098D443 /* WDWAlgorithmsUITestsLaunchTests.swift in Sources */,
			);
			runOnlyForDeploymentPostprocessing = 0;
		};
/* End PBXSourcesBuildPhase section */

/* Begin PBXTargetDependency section */
		5E0FCA352B7C3C1F0098D443 /* PBXTargetDependency */ = {
			isa = PBXTargetDependency;
			target = 5E0FCA1C2B7C3C1E0098D443 /* WDWAlgorithms */;
			targetProxy = 5E0FCA342B7C3C1F0098D443 /* PBXContainerItemProxy */;
		};
		5E0FCA3F2B7C3C1F0098D443 /* PBXTargetDependency */ = {
			isa = PBXTargetDependency;
			target = 5E0FCA1C2B7C3C1E0098D443 /* WDWAlgorithms */;
			targetProxy = 5E0FCA3E2B7C3C1F0098D443 /* PBXContainerItemProxy */;
		};
/* End PBXTargetDependency section */

/* Begin PBXVariantGroup section */
		5E0FCA262B7C3C1E0098D443 /* Main.storyboard */ = {
			isa = PBXVariantGroup;
			children = (
				5E0FCA272B7C3C1E0098D443 /* Base */,
			);
			name = Main.storyboard;
			sourceTree = "<group>";
		};
		5E0FCA2B2B7C3C1E0098D443 /* LaunchScreen.storyboard */ = {
			isa = PBXVariantGroup;
			children = (
				5E0FCA2C2B7C3C1E0098D443 /* Base */,
			);
			name = LaunchScreen.storyboard;
			sourceTree = "<group>";
		};
/* End PBXVariantGroup section */

/* Begin XCBuildConfiguration section */
		5E0FCA452B7C3C1F0098D443 /* Debug */ = {
			isa = XCBuildConfiguration;
			buildSettings = {
				ALWAYS_SEARCH_USER_PATHS = NO;
				ASSETCATALOG_COMPILER_GENERATE_SWIFT_ASSET_SYMBOL_EXTENSIONS = YES;
				CLANG_ANALYZER_NONNULL = YES;
				CLANG_ANALYZER_NUMBER_OBJECT_CONVERSION = YES_AGGRESSIVE;
				CLANG_CXX_LANGUAGE_STANDARD = "gnu++20";
				CLANG_ENABLE_MODULES = YES;
				CLANG_ENABLE_OBJC_ARC = YES;
				CLANG_ENABLE_OBJC_WEAK = YES;
				CLANG_WARN_BLOCK_CAPTURE_AUTORELEASING = YES;
				CLANG_WARN_BOOL_CONVERSION = YES;
				CLANG_WARN_COMMA = YES;
				CLANG_WARN_CONSTANT_CONVERSION = YES;
				CLANG_WARN_DEPRECATED_OBJC_IMPLEMENTATIONS = YES;
				CLANG_WARN_DIRECT_OBJC_ISA_USAGE = YES_ERROR;
				CLANG_WARN_DOCUMENTATION_COMMENTS = YES;
				CLANG_WARN_EMPTY_BODY = YES;
				CLANG_WARN_ENUM_CONVERSION = YES;
				CLANG_WARN_INFINITE_RECURSION = YES;
				CLANG_WARN_INT_CONVERSION = YES;
				CLANG_WARN_NON_LITERAL_NULL_CONVERSION = YES;
				CLANG_WARN_OBJC_IMPLICIT_RETAIN_SELF = YES;
				CLANG_WARN_OBJC_LITERAL_CONVERSION = YES;
				CLANG_WARN_OBJC_ROOT_CLASS = YES_ERROR;
				CLANG_WARN_QUOTED_INCLUDE_IN_FRAMEWORK_HEADER = YES;
				CLANG_WARN_RANGE_LOOP_ANALYSIS = YES;
				CLANG_WARN_STRICT_PROTOTYPES = YES;
				CLANG_WARN_SUSPICIOUS_MOVE = YES;
				CLANG_WARN_UNGUARDED_AVAILABILITY = YES_AGGRESSIVE;
				CLANG_WARN_UNREACHABLE_CODE = YES;
				CLANG_WARN__DUPLICATE_METHOD_MATCH = YES;
				COPY_PHASE_STRIP = NO;
				DEBUG_INFORMATION_FORMAT = dwarf;
				ENABLE_STRICT_OBJC_MSGSEND = YES;
				ENABLE_TESTABILITY = YES;
				ENABLE_USER_SCRIPT_SANDBOXING = YES;
				GCC_C_LANGUAGE_STANDARD = gnu17;
				GCC_DYNAMIC_NO_PIC = NO;
				GCC_NO_COMMON_BLOCKS = YES;
				GCC_OPTIMIZATION_LEVEL = 0;
				GCC_PREPROCESSOR_DEFINITIONS = (
					"DEBUG=1",
					"$(inherited)",
				);
				GCC_WARN_64_TO_32_BIT_CONVERSION = YES;
				GCC_WARN_ABOUT_RETURN_TYPE = YES_ERROR;
				GCC_WARN_UNDECLARED_SELECTOR = YES;
				GCC_WARN_UNINITIALIZED_AUTOS = YES_AGGRESSIVE;
				GCC_WARN_UNUSED_FUNCTION = YES;
				GCC_WARN_UNUSED_VARIABLE = YES;
				IPHONEOS_DEPLOYMENT_TARGET = 17.0;
				LOCALIZATION_PREFERS_STRING_CATALOGS = YES;
				MTL_ENABLE_DEBUG_INFO = INCLUDE_SOURCE;
				MTL_FAST_MATH = YES;
				ONLY_ACTIVE_ARCH = YES;
				SDKROOT = iphoneos;
				SWIFT_ACTIVE_COMPILATION_CONDITIONS = "DEBUG $(inherited)";
				SWIFT_OPTIMIZATION_LEVEL = "-Onone";
			};
			name = Debug;
		};
		5E0FCA462B7C3C1F0098D443 /* Release */ = {
			isa = XCBuildConfiguration;
			buildSettings = {
				ALWAYS_SEARCH_USER_PATHS = NO;
				ASSETCATALOG_COMPILER_GENERATE_SWIFT_ASSET_SYMBOL_EXTENSIONS = YES;
				CLANG_ANALYZER_NONNULL = YES;
				CLANG_ANALYZER_NUMBER_OBJECT_CONVERSION = YES_AGGRESSIVE;
				CLANG_CXX_LANGUAGE_STANDARD = "gnu++20";
				CLANG_ENABLE_MODULES = YES;
				CLANG_ENABLE_OBJC_ARC = YES;
				CLANG_ENABLE_OBJC_WEAK = YES;
				CLANG_WARN_BLOCK_CAPTURE_AUTORELEASING = YES;
				CLANG_WARN_BOOL_CONVERSION = YES;
				CLANG_WARN_COMMA = YES;
				CLANG_WARN_CONSTANT_CONVERSION = YES;
				CLANG_WARN_DEPRECATED_OBJC_IMPLEMENTATIONS = YES;
				CLANG_WARN_DIRECT_OBJC_ISA_USAGE = YES_ERROR;
				CLANG_WARN_DOCUMENTATION_COMMENTS = YES;
				CLANG_WARN_EMPTY_BODY = YES;
				CLANG_WARN_ENUM_CONVERSION = YES;
				CLANG_WARN_INFINITE_RECURSION = YES;
				CLANG_WARN_INT_CONVERSION = YES;
				CLANG_WARN_NON_LITERAL_NULL_CONVERSION = YES;
				CLANG_WARN_OBJC_IMPLICIT_RETAIN_SELF = YES;
				CLANG_WARN_OBJC_LITERAL_CONVERSION = YES;
				CLANG_WARN_OBJC_ROOT_CLASS = YES_ERROR;
				CLANG_WARN_QUOTED_INCLUDE_IN_FRAMEWORK_HEADER = YES;
				CLANG_WARN_RANGE_LOOP_ANALYSIS = YES;
				CLANG_WARN_STRICT_PROTOTYPES = YES;
				CLANG_WARN_SUSPICIOUS_MOVE = YES;
				CLANG_WARN_UNGUARDED_AVAILABILITY = YES_AGGRESSIVE;
				CLANG_WARN_UNREACHABLE_CODE = YES;
				CLANG_WARN__DUPLICATE_METHOD_MATCH = YES;
				COPY_PHASE_STRIP = NO;
				DEBUG_INFORMATION_FORMAT = "dwarf-with-dsym";
				ENABLE_NS_ASSERTIONS = NO;
				ENABLE_STRICT_OBJC_MSGSEND = YES;
				ENABLE_USER_SCRIPT_SANDBOXING = YES;
				GCC_C_LANGUAGE_STANDARD = gnu17;
				GCC_NO_COMMON_BLOCKS = YES;
				GCC_WARN_64_TO_32_BIT_CONVERSION = YES;
				GCC_WARN_ABOUT_RETURN_TYPE = YES_ERROR;
				GCC_WARN_UNDECLARED_SELECTOR = YES;
				GCC_WARN_UNINITIALIZED_AUTOS = YES_AGGRESSIVE;
				GCC_WARN_UNUSED_FUNCTION = YES;
				GCC_WARN_UNUSED_VARIABLE = YES;
				IPHONEOS_DEPLOYMENT_TARGET = 17.0;
				LOCALIZATION_PREFERS_STRING_CATALOGS = YES;
				MTL_ENABLE_DEBUG_INFO = NO;
				MTL_FAST_MATH = YES;
				SDKROOT = iphoneos;
				SWIFT_COMPILATION_MODE = wholemodule;
				VALIDATE_PRODUCT = YES;
			};
			name = Release;
		};
		5E0FCA482B7C3C1F0098D443 /* Debug */ = {
			isa = XCBuildConfiguration;
			buildSettings = {
				ASSETCATALOG_COMPILER_APPICON_NAME = AppIcon;
				ASSETCATALOG_COMPILER_GLOBAL_ACCENT_COLOR_NAME = AccentColor;
				CODE_SIGN_STYLE = Automatic;
				CURRENT_PROJECT_VERSION = 1;
				DEVELOPMENT_TEAM = 7YPHF3FHT6;
				GENERATE_INFOPLIST_FILE = YES;
				INFOPLIST_FILE = WDWAlgorithms/Info.plist;
				INFOPLIST_KEY_UIApplicationSupportsIndirectInputEvents = YES;
				INFOPLIST_KEY_UILaunchStoryboardName = LaunchScreen;
				INFOPLIST_KEY_UIMainStoryboardFile = Main;
				INFOPLIST_KEY_UISupportedInterfaceOrientations_iPad = "UIInterfaceOrientationPortrait UIInterfaceOrientationPortraitUpsideDown UIInterfaceOrientationLandscapeLeft UIInterfaceOrientationLandscapeRight";
				INFOPLIST_KEY_UISupportedInterfaceOrientations_iPhone = "UIInterfaceOrientationPortrait UIInterfaceOrientationLandscapeLeft UIInterfaceOrientationLandscapeRight";
				LD_RUNPATH_SEARCH_PATHS = (
					"$(inherited)",
					"@executable_path/Frameworks",
				);
				MARKETING_VERSION = 1.0;
				PRODUCT_BUNDLE_IDENTIFIER = com.wdw.WDWAlgorithms;
				PRODUCT_NAME = "$(TARGET_NAME)";
				SWIFT_EMIT_LOC_STRINGS = YES;
				SWIFT_VERSION = 5.0;
				TARGETED_DEVICE_FAMILY = "1,2";
			};
			name = Debug;
		};
		5E0FCA492B7C3C1F0098D443 /* Release */ = {
			isa = XCBuildConfiguration;
			buildSettings = {
				ASSETCATALOG_COMPILER_APPICON_NAME = AppIcon;
				ASSETCATALOG_COMPILER_GLOBAL_ACCENT_COLOR_NAME = AccentColor;
				CODE_SIGN_STYLE = Automatic;
				CURRENT_PROJECT_VERSION = 1;
				DEVELOPMENT_TEAM = 7YPHF3FHT6;
				GENERATE_INFOPLIST_FILE = YES;
				INFOPLIST_FILE = WDWAlgorithms/Info.plist;
				INFOPLIST_KEY_UIApplicationSupportsIndirectInputEvents = YES;
				INFOPLIST_KEY_UILaunchStoryboardName = LaunchScreen;
				INFOPLIST_KEY_UIMainStoryboardFile = Main;
				INFOPLIST_KEY_UISupportedInterfaceOrientations_iPad = "UIInterfaceOrientationPortrait UIInterfaceOrientationPortraitUpsideDown UIInterfaceOrientationLandscapeLeft UIInterfaceOrientationLandscapeRight";
				INFOPLIST_KEY_UISupportedInterfaceOrientations_iPhone = "UIInterfaceOrientationPortrait UIInterfaceOrientationLandscapeLeft UIInterfaceOrientationLandscapeRight";
				LD_RUNPATH_SEARCH_PATHS = (
					"$(inherited)",
					"@executable_path/Frameworks",
				);
				MARKETING_VERSION = 1.0;
				PRODUCT_BUNDLE_IDENTIFIER = com.wdw.WDWAlgorithms;
				PRODUCT_NAME = "$(TARGET_NAME)";
				SWIFT_EMIT_LOC_STRINGS = YES;
				SWIFT_VERSION = 5.0;
				TARGETED_DEVICE_FAMILY = "1,2";
			};
			name = Release;
		};
		5E0FCA4B2B7C3C1F0098D443 /* Debug */ = {
			isa = XCBuildConfiguration;
			buildSettings = {
				ALWAYS_EMBED_SWIFT_STANDARD_LIBRARIES = YES;
				BUNDLE_LOADER = "$(TEST_HOST)";
				CODE_SIGN_STYLE = Automatic;
				CURRENT_PROJECT_VERSION = 1;
				DEVELOPMENT_TEAM = 7YPHF3FHT6;
				GENERATE_INFOPLIST_FILE = YES;
				IPHONEOS_DEPLOYMENT_TARGET = 17.0;
				MARKETING_VERSION = 1.0;
				PRODUCT_BUNDLE_IDENTIFIER = com.wdw.WDWAlgorithmsTests;
				PRODUCT_NAME = "$(TARGET_NAME)";
				SWIFT_EMIT_LOC_STRINGS = NO;
				SWIFT_VERSION = 5.0;
				TARGETED_DEVICE_FAMILY = "1,2";
				TEST_HOST = "$(BUILT_PRODUCTS_DIR)/WDWAlgorithms.app/$(BUNDLE_EXECUTABLE_FOLDER_PATH)/WDWAlgorithms";
			};
			name = Debug;
		};
		5E0FCA4C2B7C3C1F0098D443 /* Release */ = {
			isa = XCBuildConfiguration;
			buildSettings = {
				ALWAYS_EMBED_SWIFT_STANDARD_LIBRARIES = YES;
				BUNDLE_LOADER = "$(TEST_HOST)";
				CODE_SIGN_STYLE = Automatic;
				CURRENT_PROJECT_VERSION = 1;
				DEVELOPMENT_TEAM = 7YPHF3FHT6;
				GENERATE_INFOPLIST_FILE = YES;
				IPHONEOS_DEPLOYMENT_TARGET = 17.0;
				MARKETING_VERSION = 1.0;
				PRODUCT_BUNDLE_IDENTIFIER = com.wdw.WDWAlgorithmsTests;
				PRODUCT_NAME = "$(TARGET_NAME)";
				SWIFT_EMIT_LOC_STRINGS = NO;
				SWIFT_VERSION = 5.0;
				TARGETED_DEVICE_FAMILY = "1,2";
				TEST_HOST = "$(BUILT_PRODUCTS_DIR)/WDWAlgorithms.app/$(BUNDLE_EXECUTABLE_FOLDER_PATH)/WDWAlgorithms";
			};
			name = Release;
		};
		5E0FCA4E2B7C3C1F0098D443 /* Debug */ = {
			isa = XCBuildConfiguration;
			buildSettings = {
				ALWAYS_EMBED_SWIFT_STANDARD_LIBRARIES = YES;
				CODE_SIGN_STYLE = Automatic;
				CURRENT_PROJECT_VERSION = 1;
				DEVELOPMENT_TEAM = 7YPHF3FHT6;
				GENERATE_INFOPLIST_FILE = YES;
				MARKETING_VERSION = 1.0;
				PRODUCT_BUNDLE_IDENTIFIER = com.wdw.WDWAlgorithmsUITests;
				PRODUCT_NAME = "$(TARGET_NAME)";
				SWIFT_EMIT_LOC_STRINGS = NO;
				SWIFT_VERSION = 5.0;
				TARGETED_DEVICE_FAMILY = "1,2";
				TEST_TARGET_NAME = WDWAlgorithms;
			};
			name = Debug;
		};
		5E0FCA4F2B7C3C1F0098D443 /* Release */ = {
			isa = XCBuildConfiguration;
			buildSettings = {
				ALWAYS_EMBED_SWIFT_STANDARD_LIBRARIES = YES;
				CODE_SIGN_STYLE = Automatic;
				CURRENT_PROJECT_VERSION = 1;
				DEVELOPMENT_TEAM = 7YPHF3FHT6;
				GENERATE_INFOPLIST_FILE = YES;
				MARKETING_VERSION = 1.0;
				PRODUCT_BUNDLE_IDENTIFIER = com.wdw.WDWAlgorithmsUITests;
				PRODUCT_NAME = "$(TARGET_NAME)";
				SWIFT_EMIT_LOC_STRINGS = NO;
				SWIFT_VERSION = 5.0;
				TARGETED_DEVICE_FAMILY = "1,2";
				TEST_TARGET_NAME = WDWAlgorithms;
			};
			name = Release;
		};
/* End XCBuildConfiguration section */

/* Begin XCConfigurationList section */
		5E0FCA182B7C3C1E0098D443 /* Build configuration list for PBXProject "WDWAlgorithms" */ = {
			isa = XCConfigurationList;
			buildConfigurations = (
				5E0FCA452B7C3C1F0098D443 /* Debug */,
				5E0FCA462B7C3C1F0098D443 /* Release */,
			);
			defaultConfigurationIsVisible = 0;
			defaultConfigurationName = Release;
		};
		5E0FCA472B7C3C1F0098D443 /* Build configuration list for PBXNativeTarget "WDWAlgorithms" */ = {
			isa = XCConfigurationList;
			buildConfigurations = (
				5E0FCA482B7C3C1F0098D443 /* Debug */,
				5E0FCA492B7C3C1F0098D443 /* Release */,
			);
			defaultConfigurationIsVisible = 0;
			defaultConfigurationName = Release;
		};
		5E0FCA4A2B7C3C1F0098D443 /* Build configuration list for PBXNativeTarget "WDWAlgorithmsTests" */ = {
			isa = XCConfigurationList;
			buildConfigurations = (
				5E0FCA4B2B7C3C1F0098D443 /* Debug */,
				5E0FCA4C2B7C3C1F0098D443 /* Release */,
			);
			defaultConfigurationIsVisible = 0;
			defaultConfigurationName = Release;
		};
		5E0FCA4D2B7C3C1F0098D443 /* Build configuration list for PBXNativeTarget "WDWAlgorithmsUITests" */ = {
			isa = XCConfigurationList;
			buildConfigurations = (
				5E0FCA4E2B7C3C1F0098D443 /* Debug */,
				5E0FCA4F2B7C3C1F0098D443 /* Release */,
			);
			defaultConfigurationIsVisible = 0;
			defaultConfigurationName = Release;
		};
/* End XCConfigurationList section */
	};
	rootObject = 5E0FCA152B7C3C1E0098D443 /* Project object */;
}
